
Microsoft Visual Studio Solution File, Format Version 12.00
# Visual Studio Version 17
VisualStudioVersion = 17.2.32516.85
MinimumVisualStudioVersion = 10.0.40219.1
Project("{9A19103F-16F7-4668-BE54-9A1E7A4F7556}") = "JimmyLinq", "JimmyLinq\JimmyLinq.csproj", "{74123C4A-543C-49FB-9A3A-029551BB1646}"
EndProject
Project("{FAE04EC0-301F-11D3-BF4B-00C04F79EFBC}") = "JimmyLinqUnitTests", "JimmyLinqUnitTests\JimmyLinqUnitTests.csproj", "{62024378-EACF-443E-AEDA-F586E08AC267}"
EndProject
Global
	GlobalSection(SolutionConfigurationPlatforms) = preSolution
		Debug|Any CPU = Debug|Any CPU
		Release|Any CPU = Release|Any CPU
	EndGlobalSection
	GlobalSection(ProjectConfigurationPlatforms) = postSolution
		{74123C4A-543C-49FB-9A3A-029551BB1646}.Debug|Any CPU.ActiveCfg = Debug|Any CPU
		{74123C4A-543C-49FB-9A3A-029551BB1646}.Debug|Any CPU.Build.0 = Debug|Any CPU
		{74123C4A-543C-49FB-9A3A-029551BB1646}.Release|Any CPU.ActiveCfg = Release|Any CPU
		{74123C4A-543C-49FB-9A3A-029551BB1646}.Release|Any CPU.Build.0 = Release|Any CPU
		{62024378-EACF-443E-AEDA-F586E08AC267}.Debug|Any CPU.ActiveCfg = Debug|Any CPU
		{62024378-EACF-443E-AEDA-F586E08AC267}.Debug|Any CPU.Build.0 = Debug|Any CPU
		{62024378-EACF-443E-AEDA-F586E08AC267}.Release|Any CPU.ActiveCfg = Release|Any CPU
		{62024378-EACF-443E-AEDA-F586E08AC267}.Release|Any CPU.Build.0 = Release|Any CPU
	EndGlobalSection
	GlobalSection(SolutionProperties) = preSolution
		HideSolutionNode = FALSE
	EndGlobalSection
	GlobalSection(ExtensibilityGlobals) = postSolution
		SolutionGuid = {C73E7F16-4673-4010-8C85-0DDE011E0928}
	EndGlobalSection
EndGlobal
